{
  "pins" : [
    {
      "identity" : "element-design-tokens",
      "kind" : "remoteSourceControl",
      "location" : "https://github.com/vector-im/element-design-tokens.git",
      "state" : {
        "revision" : "4aafdc25ca0e322c0de930d4ec86121f5503023e",
        "version" : "0.0.1"
      }
    },
    {
      "identity" : "swiftui-introspect",
      "kind" : "remoteSourceControl",
      "location" : "https://github.com/siteline/SwiftUI-Introspect.git",
      "state" : {
        "revision" : "f2616860a41f9d9932da412a8978fec79c06fe24",
        "version" : "0.1.4"
      }
    }
  ],
  "version" : 2
}
