// !$*UTF8*$!
{
	archiveVersion = 1;
	classes = {
	};
	objectVersion = 55;
	objects = {

/* Begin PBXBuildFile section */
		70AC7B23011C802F750E470E /* Pods_Compound_Inspector.framework in Frameworks */ = {isa = PBXBuildFile; fileRef = D2E28F45EEA9A8DE6AFB10E9 /* Pods_Compound_Inspector.framework */; };
		912974102A864F5E004BEA88 /* ListScreen.swift in Sources */ = {isa = PBXBuildFile; fileRef = 9129740F2A864F5E004BEA88 /* ListScreen.swift */; };
		912EA03C2EF18F1F006485DF /* TitleAndIconScreen.swift in Sources */ = {isa = PBXBuildFile; fileRef = 912EA03B2EF18F1D006485DF /* TitleAndIconScreen.swift */; };
		9132C62D2A72708400EAEF3D /* ActionSheetScreen.swift in Sources */ = {isa = PBXBuildFile; fileRef = 9132C62C2A72708400EAEF3D /* ActionSheetScreen.swift */; };
		9132C62F2A72785500EAEF3D /* AlertScreen.swift in Sources */ = {isa = PBXBuildFile; fileRef = 9132C62E2A72785400EAEF3D /* AlertScreen.swift */; };
		9132C6312A7280A500EAEF3D /* ContextMenuScreen.swift in Sources */ = {isa = PBXBuildFile; fileRef = 9132C6302A7280A500EAEF3D /* ContextMenuScreen.swift */; };
		9132C6332A72850200EAEF3D /* ShareSheetScreen.swift in Sources */ = {isa = PBXBuildFile; fileRef = 9132C6322A72850200EAEF3D /* ShareSheetScreen.swift */; };
		9132C6352A72868B00EAEF3D /* NavigationBarScreen.swift in Sources */ = {isa = PBXBuildFile; fileRef = 9132C6342A72868B00EAEF3D /* NavigationBarScreen.swift */; };
		917C22F629C37A9D00B35660 /* AllCases.swift in Sources */ = {isa = PBXBuildFile; fileRef = 917C22F529C37A9D00B35660 /* AllCases.swift */; };
		917C22F829C380A200B35660 /* FontsScreen.swift in Sources */ = {isa = PBXBuildFile; fileRef = 917C22F729C380A200B35660 /* FontsScreen.swift */; };
		917F561C28256DB800D19543 /* CompoundInspectorApp.swift in Sources */ = {isa = PBXBuildFile; fileRef = 917F561B28256DB800D19543 /* CompoundInspectorApp.swift */; };
		917F562028256DB900D19543 /* Assets.xcassets in Resources */ = {isa = PBXBuildFile; fileRef = 917F561F28256DB900D19543 /* Assets.xcassets */; };
		917F562F28256DD800D19543 /* SidebarList.swift in Sources */ = {isa = PBXBuildFile; fileRef = 917F562E28256DD800D19543 /* SidebarList.swift */; };
		9184AC022825741600227C3A /* ScreenContent.swift in Sources */ = {isa = PBXBuildFile; fileRef = 9184AC012825741600227C3A /* ScreenContent.swift */; };
		9188246A2A2DE882001606AE /* Screen.swift in Sources */ = {isa = PBXBuildFile; fileRef = 918824692A2DE882001606AE /* Screen.swift */; };
		91A6CAA02EF1844E0090A2B4 /* BigIconScreen.swift in Sources */ = {isa = PBXBuildFile; fileRef = 91A6CA9F2EF184470090A2B4 /* BigIconScreen.swift */; };
		91B2EA9928CA05B900A90A83 /* Compound in Frameworks */ = {isa = PBXBuildFile; productRef = 91B2EA9828CA05B900A90A83 /* Compound */; };
		91B2EA9C28CA064800A90A83 /* ColorsScreen.swift in Sources */ = {isa = PBXBuildFile; fileRef = 91B2EA9B28CA064800A90A83 /* ColorsScreen.swift */; };
		91B946812A29062300F187EF /* IconsScreen.swift in Sources */ = {isa = PBXBuildFile; fileRef = 91B946802A29062300F187EF /* IconsScreen.swift */; };
		91CA00362AD7D83200121E0F /* ButtonsScreen.swift in Sources */ = {isa = PBXBuildFile; fileRef = 917F562A28256DCD00D19543 /* ButtonsScreen.swift */; };
		91DE5A702E1801970000C59A /* GradientsScreen.swift in Sources */ = {isa = PBXBuildFile; fileRef = 91DE5A6F2E1801970000C59A /* GradientsScreen.swift */; };
/* End PBXBuildFile section */

/* Begin PBXCopyFilesBuildPhase section */
		918854B628258CE100DC2377 /* Embed Frameworks */ = {
			isa = PBXCopyFilesBuildPhase;
			buildActionMask = 2147483647;
			dstPath = "";
			dstSubfolderSpec = 10;
			files = (
			);
			name = "Embed Frameworks";
			runOnlyForDeploymentPostprocessing = 0;
		};
/* End PBXCopyFilesBuildPhase section */

/* Begin PBXFileReference section */
		9129740F2A864F5E004BEA88 /* ListScreen.swift */ = {isa = PBXFileReference; lastKnownFileType = sourcecode.swift; path = ListScreen.swift; sourceTree = "<group>"; };
		912EA03B2EF18F1D006485DF /* TitleAndIconScreen.swift */ = {isa = PBXFileReference; lastKnownFileType = sourcecode.swift; path = TitleAndIconScreen.swift; sourceTree = "<group>"; };
		9132C62C2A72708400EAEF3D /* ActionSheetScreen.swift */ = {isa = PBXFileReference; lastKnownFileType = sourcecode.swift; path = ActionSheetScreen.swift; sourceTree = "<group>"; };
		9132C62E2A72785400EAEF3D /* AlertScreen.swift */ = {isa = PBXFileReference; lastKnownFileType = sourcecode.swift; path = AlertScreen.swift; sourceTree = "<group>"; };
		9132C6302A7280A500EAEF3D /* ContextMenuScreen.swift */ = {isa = PBXFileReference; lastKnownFileType = sourcecode.swift; path = ContextMenuScreen.swift; sourceTree = "<group>"; };
		9132C6322A72850200EAEF3D /* ShareSheetScreen.swift */ = {isa = PBXFileReference; lastKnownFileType = sourcecode.swift; path = ShareSheetScreen.swift; sourceTree = "<group>"; };
		9132C6342A72868B00EAEF3D /* NavigationBarScreen.swift */ = {isa = PBXFileReference; lastKnownFileType = sourcecode.swift; path = NavigationBarScreen.swift; sourceTree = "<group>"; };
		9139E78228257ECF00091740 /* Entitlements.entitlements */ = {isa = PBXFileReference; lastKnownFileType = text.plist.entitlements; path = Entitlements.entitlements; sourceTree = "<group>"; };
		917C22F529C37A9D00B35660 /* AllCases.swift */ = {isa = PBXFileReference; lastKnownFileType = sourcecode.swift; path = AllCases.swift; sourceTree = "<group>"; };
		917C22F729C380A200B35660 /* FontsScreen.swift */ = {isa = PBXFileReference; lastKnownFileType = sourcecode.swift; path = FontsScreen.swift; sourceTree = "<group>"; };
		917F561828256DB800D19543 /* Compound Inspector.app */ = {isa = PBXFileReference; explicitFileType = wrapper.application; includeInIndex = 0; path = "Compound Inspector.app"; sourceTree = BUILT_PRODUCTS_DIR; };
		917F561B28256DB800D19543 /* CompoundInspectorApp.swift */ = {isa = PBXFileReference; lastKnownFileType = sourcecode.swift; path = CompoundInspectorApp.swift; sourceTree = "<group>"; };
		917F561F28256DB900D19543 /* Assets.xcassets */ = {isa = PBXFileReference; lastKnownFileType = folder.assetcatalog; path = Assets.xcassets; sourceTree = "<group>"; };
		917F562A28256DCD00D19543 /* ButtonsScreen.swift */ = {isa = PBXFileReference; fileEncoding = 4; lastKnownFileType = sourcecode.swift; path = ButtonsScreen.swift; sourceTree = "<group>"; };
		917F562E28256DD800D19543 /* SidebarList.swift */ = {isa = PBXFileReference; fileEncoding = 4; lastKnownFileType = sourcecode.swift; path = SidebarList.swift; sourceTree = "<group>"; };
		917F563028256DDC00D19543 /* TextFieldsScreen.swift */ = {isa = PBXFileReference; fileEncoding = 4; lastKnownFileType = sourcecode.swift; path = TextFieldsScreen.swift; sourceTree = "<group>"; };
		9184AC012825741600227C3A /* ScreenContent.swift */ = {isa = PBXFileReference; lastKnownFileType = sourcecode.swift; path = ScreenContent.swift; sourceTree = "<group>"; };
		918824692A2DE882001606AE /* Screen.swift */ = {isa = PBXFileReference; lastKnownFileType = sourcecode.swift; path = Screen.swift; sourceTree = "<group>"; };
		91A6CA9F2EF184470090A2B4 /* BigIconScreen.swift */ = {isa = PBXFileReference; lastKnownFileType = sourcecode.swift; path = BigIconScreen.swift; sourceTree = "<group>"; };
		91AB476A2A0E774E00D961AE /* Info.plist */ = {isa = PBXFileReference; lastKnownFileType = text.plist.xml; path = Info.plist; sourceTree = "<group>"; };
		91B2EA9728CA048200A90A83 /* compound-ios */ = {isa = PBXFileReference; lastKnownFileType = wrapper; name = "compound-ios"; path = ..; sourceTree = "<group>"; };
		91B2EA9B28CA064800A90A83 /* ColorsScreen.swift */ = {isa = PBXFileReference; lastKnownFileType = sourcecode.swift; path = ColorsScreen.swift; sourceTree = "<group>"; };
		91B946802A29062300F187EF /* IconsScreen.swift */ = {isa = PBXFileReference; lastKnownFileType = sourcecode.swift; path = IconsScreen.swift; sourceTree = "<group>"; };
		91DE5A6F2E1801970000C59A /* GradientsScreen.swift */ = {isa = PBXFileReference; lastKnownFileType = sourcecode.swift; path = GradientsScreen.swift; sourceTree = "<group>"; };
		9F9AF07976782861ECA2764C /* Pods-Compound Inspector.release.xcconfig */ = {isa = PBXFileReference; includeInIndex = 1; lastKnownFileType = text.xcconfig; name = "Pods-Compound Inspector.release.xcconfig"; path = "Target Support Files/Pods-Compound Inspector/Pods-Compound Inspector.release.xcconfig"; sourceTree = "<group>"; };
		B62609A3377EA1D9C59FCD20 /* Pods-Compound Inspector.debug.xcconfig */ = {isa = PBXFileReference; includeInIndex = 1; lastKnownFileType = text.xcconfig; name = "Pods-Compound Inspector.debug.xcconfig"; path = "Target Support Files/Pods-Compound Inspector/Pods-Compound Inspector.debug.xcconfig"; sourceTree = "<group>"; };
		D2E28F45EEA9A8DE6AFB10E9 /* Pods_Compound_Inspector.framework */ = {isa = PBXFileReference; explicitFileType = wrapper.framework; includeInIndex = 0; path = Pods_Compound_Inspector.framework; sourceTree = BUILT_PRODUCTS_DIR; };
/* End PBXFileReference section */

/* Begin PBXFrameworksBuildPhase section */
		917F561528256DB800D19543 /* Frameworks */ = {
			isa = PBXFrameworksBuildPhase;
			buildActionMask = 2147483647;
			files = (
				91B2EA9928CA05B900A90A83 /* Compound in Frameworks */,
				70AC7B23011C802F750E470E /* Pods_Compound_Inspector.framework in Frameworks */,
			);
			runOnlyForDeploymentPostprocessing = 0;
		};
/* End PBXFrameworksBuildPhase section */

/* Begin PBXGroup section */
		479BE2D4B06E029EC43A69EA /* Pods */ = {
			isa = PBXGroup;
			children = (
				B62609A3377EA1D9C59FCD20 /* Pods-Compound Inspector.debug.xcconfig */,
				9F9AF07976782861ECA2764C /* Pods-Compound Inspector.release.xcconfig */,
			);
			path = Pods;
			sourceTree = "<group>";
		};
		9132C62B2A72707500EAEF3D /* System Components */ = {
			isa = PBXGroup;
			children = (
				9132C62C2A72708400EAEF3D /* ActionSheetScreen.swift */,
				9132C62E2A72785400EAEF3D /* AlertScreen.swift */,
				9132C6302A7280A500EAEF3D /* ContextMenuScreen.swift */,
				9132C6342A72868B00EAEF3D /* NavigationBarScreen.swift */,
				9132C6322A72850200EAEF3D /* ShareSheetScreen.swift */,
			);
			path = "System Components";
			sourceTree = "<group>";
		};
		9145A25028CCACF7001B3451 /* Resources */ = {
			isa = PBXGroup;
			children = (
				91AB476A2A0E774E00D961AE /* Info.plist */,
				917F561F28256DB900D19543 /* Assets.xcassets */,
				9139E78228257ECF00091740 /* Entitlements.entitlements */,
			);
			path = Resources;
			sourceTree = "<group>";
		};
		9145A25128CCAD08001B3451 /* Tokens */ = {
			isa = PBXGroup;
			children = (
				917C22F529C37A9D00B35660 /* AllCases.swift */,
				91B2EA9B28CA064800A90A83 /* ColorsScreen.swift */,
				917C22F729C380A200B35660 /* FontsScreen.swift */,
				91B946802A29062300F187EF /* IconsScreen.swift */,
				91DE5A6F2E1801970000C59A /* GradientsScreen.swift */,
			);
			path = Tokens;
			sourceTree = "<group>";
		};
		917F560F28256DB800D19543 = {
			isa = PBXGroup;
			children = (
				917F561A28256DB800D19543 /* Sources */,
				9145A25028CCACF7001B3451 /* Resources */,
				91B2EA9728CA048200A90A83 /* compound-ios */,
				918854C42825941400DC2377 /* Frameworks */,
				917F561928256DB800D19543 /* Products */,
				479BE2D4B06E029EC43A69EA /* Pods */,
			);
			sourceTree = "<group>";
		};
		917F561928256DB800D19543 /* Products */ = {
			isa = PBXGroup;
			children = (
				917F561828256DB800D19543 /* Compound Inspector.app */,
			);
			name = Products;
			sourceTree = "<group>";
		};
		917F561A28256DB800D19543 /* Sources */ = {
			isa = PBXGroup;
			children = (
				917F561B28256DB800D19543 /* CompoundInspectorApp.swift */,
				917F562E28256DD800D19543 /* SidebarList.swift */,
				918824692A2DE882001606AE /* Screen.swift */,
				9184AC012825741600227C3A /* ScreenContent.swift */,
				9145A25128CCAD08001B3451 /* Tokens */,
				91B2EA9A28CA05F300A90A83 /* Components */,
				9132C62B2A72707500EAEF3D /* System Components */,
			);
			path = Sources;
			sourceTree = "<group>";
		};
		918854C42825941400DC2377 /* Frameworks */ = {
			isa = PBXGroup;
			children = (
				D2E28F45EEA9A8DE6AFB10E9 /* Pods_Compound_Inspector.framework */,
			);
			name = Frameworks;
			sourceTree = "<group>";
		};
		91B2EA9A28CA05F300A90A83 /* Components */ = {
			isa = PBXGroup;
			children = (
				91A6CA9F2EF184470090A2B4 /* BigIconScreen.swift */,
				917F562A28256DCD00D19543 /* ButtonsScreen.swift */,
				9129740F2A864F5E004BEA88 /* ListScreen.swift */,
				917F563028256DDC00D19543 /* TextFieldsScreen.swift */,
				912EA03B2EF18F1D006485DF /* TitleAndIconScreen.swift */,
			);
			path = Components;
			sourceTree = "<group>";
		};
/* End PBXGroup section */

/* Begin PBXNativeTarget section */
		917F561728256DB800D19543 /* Compound Inspector */ = {
			isa = PBXNativeTarget;
			buildConfigurationList = 917F562628256DB900D19543 /* Build configuration list for PBXNativeTarget "Compound Inspector" */;
			buildPhases = (
				D4FE755DC8D0EE69F5B625AE /* [CP] Check Pods Manifest.lock */,
				917F561428256DB800D19543 /* Sources */,
				917F561528256DB800D19543 /* Frameworks */,
				917F561628256DB800D19543 /* Resources */,
				918854B628258CE100DC2377 /* Embed Frameworks */,
				C53AB9B0B1E0708816C8E056 /* [CP] Embed Pods Frameworks */,
			);
			buildRules = (
			);
			dependencies = (
			);
			name = "Compound Inspector";
			packageProductDependencies = (
				91B2EA9828CA05B900A90A83 /* Compound */,
			);
			productName = "Component Library";
			productReference = 917F561828256DB800D19543 /* Compound Inspector.app */;
			productType = "com.apple.product-type.application";
		};
/* End PBXNativeTarget section */

/* Begin PBXProject section */
		917F561028256DB800D19543 /* Project object */ = {
			isa = PBXProject;
			attributes = {
				BuildIndependentTargetsInParallel = 1;
				LastSwiftUpdateCheck = 1330;
				LastUpgradeCheck = 1330;
				TargetAttributes = {
					917F561728256DB800D19543 = {
						CreatedOnToolsVersion = 13.3;
					};
				};
			};
			buildConfigurationList = 917F561328256DB800D19543 /* Build configuration list for PBXProject "Inspector" */;
			compatibilityVersion = "Xcode 13.0";
			developmentRegion = en;
			hasScannedForEncodings = 0;
			knownRegions = (
				en,
				Base,
			);
			mainGroup = 917F560F28256DB800D19543;
			productRefGroup = 917F561928256DB800D19543 /* Products */;
			projectDirPath = "";
			projectRoot = "";
			targets = (
				917F561728256DB800D19543 /* Compound Inspector */,
			);
		};
/* End PBXProject section */

/* Begin PBXResourcesBuildPhase section */
		917F561628256DB800D19543 /* Resources */ = {
			isa = PBXResourcesBuildPhase;
			buildActionMask = 2147483647;
			files = (
				917F562028256DB900D19543 /* Assets.xcassets in Resources */,
			);
			runOnlyForDeploymentPostprocessing = 0;
		};
/* End PBXResourcesBuildPhase section */

/* Begin PBXShellScriptBuildPhase section */
		C53AB9B0B1E0708816C8E056 /* [CP] Embed Pods Frameworks */ = {
			isa = PBXShellScriptBuildPhase;
			buildActionMask = 2147483647;
			files = (
			);
			inputFileListPaths = (
				"${PODS_ROOT}/Target Support Files/Pods-Compound Inspector/Pods-Compound Inspector-frameworks-${CONFIGURATION}-input-files.xcfilelist",
			);
			inputPaths = (
			);
			name = "[CP] Embed Pods Frameworks";
			outputFileListPaths = (
				"${PODS_ROOT}/Target Support Files/Pods-Compound Inspector/Pods-Compound Inspector-frameworks-${CONFIGURATION}-output-files.xcfilelist",
			);
			outputPaths = (
			);
			runOnlyForDeploymentPostprocessing = 0;
			shellPath = /bin/sh;
			shellScript = "\"${PODS_ROOT}/Target Support Files/Pods-Compound Inspector/Pods-Compound Inspector-frameworks.sh\"\n";
			showEnvVarsInLog = 0;
		};
		D4FE755DC8D0EE69F5B625AE /* [CP] Check Pods Manifest.lock */ = {
			isa = PBXShellScriptBuildPhase;
			buildActionMask = 2147483647;
			files = (
			);
			inputFileListPaths = (
			);
			inputPaths = (
				"${PODS_PODFILE_DIR_PATH}/Podfile.lock",
				"${PODS_ROOT}/Manifest.lock",
			);
			name = "[CP] Check Pods Manifest.lock";
			outputFileListPaths = (
			);
			outputPaths = (
				"$(DERIVED_FILE_DIR)/Pods-Compound Inspector-checkManifestLockResult.txt",
			);
			runOnlyForDeploymentPostprocessing = 0;
			shellPath = /bin/sh;
			shellScript = "diff \"${PODS_PODFILE_DIR_PATH}/Podfile.lock\" \"${PODS_ROOT}/Manifest.lock\" > /dev/null\nif [ $? != 0 ] ; then\n    # print error to STDERR\n    echo \"error: The sandbox is not in sync with the Podfile.lock. Run 'pod install' or update your CocoaPods installation.\" >&2\n    exit 1\nfi\n# This output is used by Xcode 'outputs' to avoid re-running this script phase.\necho \"SUCCESS\" > \"${SCRIPT_OUTPUT_FILE_0}\"\n";
			showEnvVarsInLog = 0;
		};
/* End PBXShellScriptBuildPhase section */

/* Begin PBXSourcesBuildPhase section */
		917F561428256DB800D19543 /* Sources */ = {
			isa = PBXSourcesBuildPhase;
			buildActionMask = 2147483647;
			files = (
				91B946812A29062300F187EF /* IconsScreen.swift in Sources */,
				9132C6352A72868B00EAEF3D /* NavigationBarScreen.swift in Sources */,
				917F562F28256DD800D19543 /* SidebarList.swift in Sources */,
				91DE5A702E1801970000C59A /* GradientsScreen.swift in Sources */,
				917C22F629C37A9D00B35660 /* AllCases.swift in Sources */,
				9132C62D2A72708400EAEF3D /* ActionSheetScreen.swift in Sources */,
				917F561C28256DB800D19543 /* CompoundInspectorApp.swift in Sources */,
				9132C6332A72850200EAEF3D /* ShareSheetScreen.swift in Sources */,
				917C22F829C380A200B35660 /* FontsScreen.swift in Sources */,
				91A6CAA02EF1844E0090A2B4 /* BigIconScreen.swift in Sources */,
				9188246A2A2DE882001606AE /* Screen.swift in Sources */,
				9184AC022825741600227C3A /* ScreenContent.swift in Sources */,
				912EA03C2EF18F1F006485DF /* TitleAndIconScreen.swift in Sources */,
				912974102A864F5E004BEA88 /* ListScreen.swift in Sources */,
				9132C6312A7280A500EAEF3D /* ContextMenuScreen.swift in Sources */,
				9132C62F2A72785500EAEF3D /* AlertScreen.swift in Sources */,
				91CA00362AD7D83200121E0F /* ButtonsScreen.swift in Sources */,
				91B2EA9C28CA064800A90A83 /* ColorsScreen.swift in Sources */,
			);
			runOnlyForDeploymentPostprocessing = 0;
		};
/* End PBXSourcesBuildPhase section */

/* Begin XCBuildConfiguration section */
		917F562428256DB900D19543 /* Debug */ = {
			isa = XCBuildConfiguration;
			buildSettings = {
				ALWAYS_SEARCH_USER_PATHS = NO;
				CLANG_ANALYZER_NONNULL = YES;
				CLANG_ANALYZER_NUMBER_OBJECT_CONVERSION = YES_AGGRESSIVE;
				CLANG_CXX_LANGUAGE_STANDARD = "gnu++17";
				CLANG_ENABLE_MODULES = YES;
				CLANG_ENABLE_OBJC_ARC = YES;
				CLANG_ENABLE_OBJC_WEAK = YES;
				CLANG_WARN_BLOCK_CAPTURE_AUTORELEASING = YES;
				CLANG_WARN_BOOL_CONVERSION = YES;
				CLANG_WARN_COMMA = YES;
				CLANG_WARN_CONSTANT_CONVERSION = YES;
				CLANG_WARN_DEPRECATED_OBJC_IMPLEMENTATIONS = YES;
				CLANG_WARN_DIRECT_OBJC_ISA_USAGE = YES_ERROR;
				CLANG_WARN_DOCUMENTATION_COMMENTS = YES;
				CLANG_WARN_EMPTY_BODY = YES;
				CLANG_WARN_ENUM_CONVERSION = YES;
				CLANG_WARN_INFINITE_RECURSION = YES;
				CLANG_WARN_INT_CONVERSION = YES;
				CLANG_WARN_NON_LITERAL_NULL_CONVERSION = YES;
				CLANG_WARN_OBJC_IMPLICIT_RETAIN_SELF = YES;
				CLANG_WARN_OBJC_LITERAL_CONVERSION = YES;
				CLANG_WARN_OBJC_ROOT_CLASS = YES_ERROR;
				CLANG_WARN_QUOTED_INCLUDE_IN_FRAMEWORK_HEADER = YES;
				CLANG_WARN_RANGE_LOOP_ANALYSIS = YES;
				CLANG_WARN_STRICT_PROTOTYPES = YES;
				CLANG_WARN_SUSPICIOUS_MOVE = YES;
				CLANG_WARN_UNGUARDED_AVAILABILITY = YES_AGGRESSIVE;
				CLANG_WARN_UNREACHABLE_CODE = YES;
				CLANG_WARN__DUPLICATE_METHOD_MATCH = YES;
				COPY_PHASE_STRIP = NO;
				DEBUG_INFORMATION_FORMAT = dwarf;
				ENABLE_STRICT_OBJC_MSGSEND = YES;
				ENABLE_TESTABILITY = YES;
				GCC_C_LANGUAGE_STANDARD = gnu11;
				GCC_DYNAMIC_NO_PIC = NO;
				GCC_NO_COMMON_BLOCKS = YES;
				GCC_OPTIMIZATION_LEVEL = 0;
				GCC_PREPROCESSOR_DEFINITIONS = (
					"DEBUG=1",
					"$(inherited)",
				);
				GCC_WARN_64_TO_32_BIT_CONVERSION = YES;
				GCC_WARN_ABOUT_RETURN_TYPE = YES_ERROR;
				GCC_WARN_UNDECLARED_SELECTOR = YES;
				GCC_WARN_UNINITIALIZED_AUTOS = YES_AGGRESSIVE;
				GCC_WARN_UNUSED_FUNCTION = YES;
				GCC_WARN_UNUSED_VARIABLE = YES;
				IPHONEOS_DEPLOYMENT_TARGET = 16.0;
				MTL_ENABLE_DEBUG_INFO = INCLUDE_SOURCE;
				MTL_FAST_MATH = YES;
				ONLY_ACTIVE_ARCH = YES;
				SDKROOT = iphoneos;
				SWIFT_ACTIVE_COMPILATION_CONDITIONS = DEBUG;
				SWIFT_OPTIMIZATION_LEVEL = "-Onone";
			};
			name = Debug;
		};
		917F562528256DB900D19543 /* Release */ = {
			isa = XCBuildConfiguration;
			buildSettings = {
				ALWAYS_SEARCH_USER_PATHS = NO;
				CLANG_ANALYZER_NONNULL = YES;
				CLANG_ANALYZER_NUMBER_OBJECT_CONVERSION = YES_AGGRESSIVE;
				CLANG_CXX_LANGUAGE_STANDARD = "gnu++17";
				CLANG_ENABLE_MODULES = YES;
				CLANG_ENABLE_OBJC_ARC = YES;
				CLANG_ENABLE_OBJC_WEAK = YES;
				CLANG_WARN_BLOCK_CAPTURE_AUTORELEASING = YES;
				CLANG_WARN_BOOL_CONVERSION = YES;
				CLANG_WARN_COMMA = YES;
				CLANG_WARN_CONSTANT_CONVERSION = YES;
				CLANG_WARN_DEPRECATED_OBJC_IMPLEMENTATIONS = YES;
				CLANG_WARN_DIRECT_OBJC_ISA_USAGE = YES_ERROR;
				CLANG_WARN_DOCUMENTATION_COMMENTS = YES;
				CLANG_WARN_EMPTY_BODY = YES;
				CLANG_WARN_ENUM_CONVERSION = YES;
				CLANG_WARN_INFINITE_RECURSION = YES;
				CLANG_WARN_INT_CONVERSION = YES;
				CLANG_WARN_NON_LITERAL_NULL_CONVERSION = YES;
				CLANG_WARN_OBJC_IMPLICIT_RETAIN_SELF = YES;
				CLANG_WARN_OBJC_LITERAL_CONVERSION = YES;
				CLANG_WARN_OBJC_ROOT_CLASS = YES_ERROR;
				CLANG_WARN_QUOTED_INCLUDE_IN_FRAMEWORK_HEADER = YES;
				CLANG_WARN_RANGE_LOOP_ANALYSIS = YES;
				CLANG_WARN_STRICT_PROTOTYPES = YES;
				CLANG_WARN_SUSPICIOUS_MOVE = YES;
				CLANG_WARN_UNGUARDED_AVAILABILITY = YES_AGGRESSIVE;
				CLANG_WARN_UNREACHABLE_CODE = YES;
				CLANG_WARN__DUPLICATE_METHOD_MATCH = YES;
				COPY_PHASE_STRIP = NO;
				DEBUG_INFORMATION_FORMAT = "dwarf-with-dsym";
				ENABLE_NS_ASSERTIONS = NO;
				ENABLE_STRICT_OBJC_MSGSEND = YES;
				GCC_C_LANGUAGE_STANDARD = gnu11;
				GCC_NO_COMMON_BLOCKS = YES;
				GCC_WARN_64_TO_32_BIT_CONVERSION = YES;
				GCC_WARN_ABOUT_RETURN_TYPE = YES_ERROR;
				GCC_WARN_UNDECLARED_SELECTOR = YES;
				GCC_WARN_UNINITIALIZED_AUTOS = YES_AGGRESSIVE;
				GCC_WARN_UNUSED_FUNCTION = YES;
				GCC_WARN_UNUSED_VARIABLE = YES;
				IPHONEOS_DEPLOYMENT_TARGET = 16.0;
				MTL_ENABLE_DEBUG_INFO = NO;
				MTL_FAST_MATH = YES;
				SDKROOT = iphoneos;
				SWIFT_COMPILATION_MODE = wholemodule;
				SWIFT_OPTIMIZATION_LEVEL = "-O";
				VALIDATE_PRODUCT = YES;
			};
			name = Release;
		};
		917F562728256DB900D19543 /* Debug */ = {
			isa = XCBuildConfiguration;
			baseConfigurationReference = B62609A3377EA1D9C59FCD20 /* Pods-Compound Inspector.debug.xcconfig */;
			buildSettings = {
				ASSETCATALOG_COMPILER_APPICON_NAME = AppIcon;
				ASSETCATALOG_COMPILER_GLOBAL_ACCENT_COLOR_NAME = "accent-color";
				CODE_SIGN_ENTITLEMENTS = Resources/Entitlements.entitlements;
				CODE_SIGN_STYLE = Automatic;
				CURRENT_PROJECT_VERSION = 2;
				DEVELOPMENT_TEAM = 7J4U792NQT;
				ENABLE_PREVIEWS = YES;
				GENERATE_INFOPLIST_FILE = YES;
				INFOPLIST_FILE = Resources/Info.plist;
				INFOPLIST_KEY_CFBundleDisplayName = Compound;
				INFOPLIST_KEY_LSApplicationCategoryType = "public.app-category.graphics-design";
				INFOPLIST_KEY_UIApplicationSceneManifest_Generation = YES;
				INFOPLIST_KEY_UIApplicationSupportsIndirectInputEvents = YES;
				INFOPLIST_KEY_UILaunchScreen_Generation = YES;
				INFOPLIST_KEY_UISupportedInterfaceOrientations_iPad = "UIInterfaceOrientationPortrait UIInterfaceOrientationPortraitUpsideDown UIInterfaceOrientationLandscapeLeft UIInterfaceOrientationLandscapeRight";
				INFOPLIST_KEY_UISupportedInterfaceOrientations_iPhone = "UIInterfaceOrientationPortrait UIInterfaceOrientationLandscapeLeft UIInterfaceOrientationLandscapeRight";
				IPHONEOS_DEPLOYMENT_TARGET = 17.0;
				LD_RUNPATH_SEARCH_PATHS = (
					"$(inherited)",
					"@executable_path/Frameworks",
				);
				MARKETING_VERSION = 1.0;
				PRODUCT_BUNDLE_IDENTIFIER = io.element.compound.inspector;
				PRODUCT_NAME = "$(TARGET_NAME)";
				SUPPORTS_MACCATALYST = YES;
				SUPPORTS_MAC_DESIGNED_FOR_IPHONE_IPAD = NO;
				SWIFT_EMIT_LOC_STRINGS = YES;
				SWIFT_VERSION = 5.0;
				TARGETED_DEVICE_FAMILY = "1,2";
			};
			name = Debug;
		};
		917F562828256DB900D19543 /* Release */ = {
			isa = XCBuildConfiguration;
			baseConfigurationReference = 9F9AF07976782861ECA2764C /* Pods-Compound Inspector.release.xcconfig */;
			buildSettings = {
				ASSETCATALOG_COMPILER_APPICON_NAME = AppIcon;
				ASSETCATALOG_COMPILER_GLOBAL_ACCENT_COLOR_NAME = "accent-color";
				CODE_SIGN_ENTITLEMENTS = Resources/Entitlements.entitlements;
				CODE_SIGN_STYLE = Automatic;
				CURRENT_PROJECT_VERSION = 2;
				DEVELOPMENT_TEAM = 7J4U792NQT;
				ENABLE_PREVIEWS = YES;
				GENERATE_INFOPLIST_FILE = YES;
				INFOPLIST_FILE = Resources/Info.plist;
				INFOPLIST_KEY_CFBundleDisplayName = Compound;
				INFOPLIST_KEY_LSApplicationCategoryType = "public.app-category.graphics-design";
				INFOPLIST_KEY_UIApplicationSceneManifest_Generation = YES;
				INFOPLIST_KEY_UIApplicationSupportsIndirectInputEvents = YES;
				INFOPLIST_KEY_UILaunchScreen_Generation = YES;
				INFOPLIST_KEY_UISupportedInterfaceOrientations_iPad = "UIInterfaceOrientationPortrait UIInterfaceOrientationPortraitUpsideDown UIInterfaceOrientationLandscapeLeft UIInterfaceOrientationLandscapeRight";
				INFOPLIST_KEY_UISupportedInterfaceOrientations_iPhone = "UIInterfaceOrientationPortrait UIInterfaceOrientationLandscapeLeft UIInterfaceOrientationLandscapeRight";
				IPHONEOS_DEPLOYMENT_TARGET = 17.0;
				LD_RUNPATH_SEARCH_PATHS = (
					"$(inherited)",
					"@executable_path/Frameworks",
				);
				MARKETING_VERSION = 1.0;
				PRODUCT_BUNDLE_IDENTIFIER = io.element.compound.inspector;
				PRODUCT_NAME = "$(TARGET_NAME)";
				SUPPORTS_MACCATALYST = YES;
				SUPPORTS_MAC_DESIGNED_FOR_IPHONE_IPAD = NO;
				SWIFT_EMIT_LOC_STRINGS = YES;
				SWIFT_VERSION = 5.0;
				TARGETED_DEVICE_FAMILY = "1,2";
			};
			name = Release;
		};
/* End XCBuildConfiguration section */

/* Begin XCConfigurationList section */
		917F561328256DB800D19543 /* Build configuration list for PBXProject "Inspector" */ = {
			isa = XCConfigurationList;
			buildConfigurations = (
				917F562428256DB900D19543 /* Debug */,
				917F562528256DB900D19543 /* Release */,
			);
			defaultConfigurationIsVisible = 0;
			defaultConfigurationName = Release;
		};
		917F562628256DB900D19543 /* Build configuration list for PBXNativeTarget "Compound Inspector" */ = {
			isa = XCConfigurationList;
			buildConfigurations = (
				917F562728256DB900D19543 /* Debug */,
				917F562828256DB900D19543 /* Release */,
			);
			defaultConfigurationIsVisible = 0;
			defaultConfigurationName = Release;
		};
/* End XCConfigurationList section */

/* Begin XCSwiftPackageProductDependency section */
		91B2EA9828CA05B900A90A83 /* Compound */ = {
			isa = XCSwiftPackageProductDependency;
			productName = Compound;
		};
/* End XCSwiftPackageProductDependency section */
	};
	rootObject = 917F561028256DB800D19543 /* Project object */;
}
