{
  "pins" : [
    {
      "identity" : "compound-design-tokens",
      "kind" : "remoteSourceControl",
      "location" : "https://github.com/vector-im/compound-design-tokens.git",
      "state" : {
        "revision" : "d9d1a792d8a124708c7e15becd359893ee9e9ea6"
      }
    },
    {
      "identity" : "compound-ios",
      "kind" : "remoteSourceControl",
      "location" : "https://github.com/vector-im/compound-ios.git",
      "state" : {
        "revision" : "a6aec9a77bf008c86a296ba17d60005b5a8bfae4"
      }
    },
    {
      "identity" : "element-design-tokens",
      "kind" : "remoteSourceControl",
      "location" : "https://github.com/vector-im/element-design-tokens.git",
      "state" : {
        "revision" : "63e40f10b336c136d6d05f7967e4565e37d3d760",
        "version" : "0.0.3"
      }
    },
    {
      "identity" : "swiftui-introspect",
      "kind" : "remoteSourceControl",
      "location" : "https://github.com/siteline/SwiftUI-Introspect.git",
      "state" : {
        "revision" : "5b3f3996c7a2a84d5f4ba0e03cd7d584154778f2",
        "version" : "0.3.1"
      }
    }
  ],
  "version" : 2
}
